
Microsoft Visual Studio Solution File, Format Version 12.00
# Visual Studio Version 17
VisualStudioVersion = 17.11.35208.52
MinimumVisualStudioVersion = 10.0.40219.1
Project("{FAE04EC0-301F-11D3-BF4B-00C04F79EFBC}") = "HolidayPlanningApi", "HolidayPlanningApi.csproj", "{CA6E027C-06B8-4348-A1FB-65EB479AD1A0}"
EndProject
Project("{FAE04EC0-301F-11D3-BF4B-00C04F79EFBC}") = "DAL", "..\DAL\DAL.csproj", "{C6AFBE4F-4C23-4A3F-8022-2139BBB9062C}"
EndProject
Project("{FAE04EC0-301F-11D3-BF4B-00C04F79EFBC}") = "BLL", "..\BLL\BLL.csproj", "{3D6E3A3F-1DA1-4A84-AF55-9B3CD6D952B3}"
EndProject
Global
	GlobalSection(SolutionConfigurationPlatforms) = preSolution
		Debug|Any CPU = Debug|Any CPU
		Release|Any CPU = Release|Any CPU
	EndGlobalSection
	GlobalSection(ProjectConfigurationPlatforms) = postSolution
		{CA6E027C-06B8-4348-A1FB-65EB479AD1A0}.Debug|Any CPU.ActiveCfg = Debug|Any CPU
		{CA6E027C-06B8-4348-A1FB-65EB479AD1A0}.Debug|Any CPU.Build.0 = Debug|Any CPU
		{CA6E027C-06B8-4348-A1FB-65EB479AD1A0}.Release|Any CPU.ActiveCfg = Release|Any CPU
		{CA6E027C-06B8-4348-A1FB-65EB479AD1A0}.Release|Any CPU.Build.0 = Release|Any CPU
		{C6AFBE4F-4C23-4A3F-8022-2139BBB9062C}.Debug|Any CPU.ActiveCfg = Debug|Any CPU
		{C6AFBE4F-4C23-4A3F-8022-2139BBB9062C}.Debug|Any CPU.Build.0 = Debug|Any CPU
		{C6AFBE4F-4C23-4A3F-8022-2139BBB9062C}.Release|Any CPU.ActiveCfg = Release|Any CPU
		{C6AFBE4F-4C23-4A3F-8022-2139BBB9062C}.Release|Any CPU.Build.0 = Release|Any CPU
		{3D6E3A3F-1DA1-4A84-AF55-9B3CD6D952B3}.Debug|Any CPU.ActiveCfg = Debug|Any CPU
		{3D6E3A3F-1DA1-4A84-AF55-9B3CD6D952B3}.Debug|Any CPU.Build.0 = Debug|Any CPU
		{3D6E3A3F-1DA1-4A84-AF55-9B3CD6D952B3}.Release|Any CPU.ActiveCfg = Release|Any CPU
		{3D6E3A3F-1DA1-4A84-AF55-9B3CD6D952B3}.Release|Any CPU.Build.0 = Release|Any CPU
	EndGlobalSection
	GlobalSection(SolutionProperties) = preSolution
		HideSolutionNode = FALSE
	EndGlobalSection
	GlobalSection(ExtensibilityGlobals) = postSolution
		SolutionGuid = {A829D4CF-2AB2-4F4B-BEF9-9CF26566BE18}
	EndGlobalSection
EndGlobal
